
Microsoft Visual Studio Solution File, Format Version 12.00
# Visual Studio Version 17
VisualStudioVersion = 17.11.35327.3
MinimumVisualStudioVersion = 10.0.40219.1
Project("{FAE04EC0-301F-11D3-BF4B-00C04F79EFBC}") = "Hayes Material Request", "Hayes Material Request\Hayes Material Request.csproj", "{8CF2CF10-2C67-4466-98C4-A9B844C20739}"
EndProject
Global
	GlobalSection(SolutionConfigurationPlatforms) = preSolution
		Debug|Any CPU = Debug|Any CPU
		Release|Any CPU = Release|Any CPU
	EndGlobalSection
	GlobalSection(ProjectConfigurationPlatforms) = postSolution
		{8CF2CF10-2C67-4466-98C4-A9B844C20739}.Debug|Any CPU.ActiveCfg = Debug|Any CPU
		{8CF2CF10-2C67-4466-98C4-A9B844C20739}.Debug|Any CPU.Build.0 = Debug|Any CPU
		{8CF2CF10-2C67-4466-98C4-A9B844C20739}.Release|Any CPU.ActiveCfg = Release|Any CPU
		{8CF2CF10-2C67-4466-98C4-A9B844C20739}.Release|Any CPU.Build.0 = Release|Any CPU
	EndGlobalSection
	GlobalSection(SolutionProperties) = preSolution
		HideSolutionNode = FALSE
	EndGlobalSection
	GlobalSection(ExtensibilityGlobals) = postSolution
		SolutionGuid = {EA3754DD-9725-48CC-9ECC-35979851F8D2}
	EndGlobalSection
EndGlobal
